{
  "name": "testschema",
  "version": "1.0.0",
  "lockfileVersion": 2,
  "requires": true,
  "packages": {
    "": {
      "version": "1.0.0",
      "license": "ISC",
      "dependencies": {
        "country-emoji": "^1.5.6"
      }
    },
    "node_modules/country-emoji": {
      "version": "1.5.6",
      "resolved": "https://registry.npmjs.org/country-emoji/-/country-emoji-1.5.6.tgz",
      "integrity": "sha512-pSB8OOROfimFc2bcN+H41DuzXYIod/JQ6SgF4pYXkRCm9f8uF1JAJ0vXPhenug6xkpt3Gv33mdypMXB49CJWRA=="
    }
  },
  "dependencies": {
    "country-emoji": {
      "version": "1.5.6",
      "resolved": "https://registry.npmjs.org/country-emoji/-/country-emoji-1.5.6.tgz",
      "integrity": "sha512-pSB8OOROfimFc2bcN+H41DuzXYIod/JQ6SgF4pYXkRCm9f8uF1JAJ0vXPhenug6xkpt3Gv33mdypMXB49CJWRA=="
    }
  }
}
